
Microsoft Visual Studio Solution File, Format Version 12.00
# Visual Studio Version 17
VisualStudioVersion = 17.0.31912.275
MinimumVisualStudioVersion = 10.0.40219.1
Project("{FAE04EC0-301F-11D3-BF4B-00C04F79EFBC}") = "GraphQL.Sandbox.WebApi", "GraphQL.Sandbox.WebApi\GraphQL.Sandbox.WebApi.csproj", "{C87173DB-21FE-4C9B-93F9-CDBE8E05252A}"
EndProject
Global
	GlobalSection(SolutionConfigurationPlatforms) = preSolution
		Debug|Any CPU = Debug|Any CPU
		Release|Any CPU = Release|Any CPU
	EndGlobalSection
	GlobalSection(ProjectConfigurationPlatforms) = postSolution
		{C87173DB-21FE-4C9B-93F9-CDBE8E05252A}.Debug|Any CPU.ActiveCfg = Debug|Any CPU
		{C87173DB-21FE-4C9B-93F9-CDBE8E05252A}.Debug|Any CPU.Build.0 = Debug|Any CPU
		{C87173DB-21FE-4C9B-93F9-CDBE8E05252A}.Release|Any CPU.ActiveCfg = Release|Any CPU
		{C87173DB-21FE-4C9B-93F9-CDBE8E05252A}.Release|Any CPU.Build.0 = Release|Any CPU
	EndGlobalSection
	GlobalSection(SolutionProperties) = preSolution
		HideSolutionNode = FALSE
	EndGlobalSection
	GlobalSection(ExtensibilityGlobals) = postSolution
		SolutionGuid = {DCD22F90-87F9-46FF-9832-437F87BE5348}
	EndGlobalSection
EndGlobal
